<?xml version="1.0" encoding="utf-8"?>
<Project ToolsVersion="4.0" xmlns="http://schemas.microsoft.com/developer/msbuild/2003">
  <ItemGroup>
    <Filter Include="Source Files">
      <UniqueIdentifier>{4FC737F1-C7A5-4376-A066-2A32D752A2FF}</UniqueIdentifier>
      <Extensions>cpp;c;cc;cxx;def;odl;idl;hpj;bat;asm;asmx</Extensions>
    </Filter>
    <Filter Include="Header Files">
      <UniqueIdentifier>{93995380-89BD-4b04-88EB-625FBE52EBFB}</UniqueIdentifier>
      <Extensions>h;hh;hpp;hxx;hm;inl;inc;ipp;xsd</Extensions>
    </Filter>
    <Filter Include="Resource Files">
      <UniqueIdentifier>{67DA6AB6-F800-4c08-8B7A-83BB121AAD01}</UniqueIdentifier>
      <Extensions>rc;ico;cur;bmp;dlg;rc2;rct;bin;rgs;gif;jpg;jpeg;jpe;resx;tiff;tif;png;wav;mfcribbon-ms</Extensions>
    </Filter>
  </ItemGroup>
  <ItemGroup>
    <ClCompile Include="Account.cpp">
      <Filter>Source Files</Filter>
    </ClCompile>
    <ClCompile Include="AppID.cpp">
      <Filter>Source Files</Filter>
    </ClCompile>
    <ClCompile Include="Certificate.cpp">
      <Filter>Source Files</Filter>
    </ClCompile>
    <ClCompile Include="CertificateRequest.cpp">
      <Filter>Source Files</Filter>
    </ClCompile>
    <ClCompile Include="Device.cpp">
      <Filter>Source Files</Filter>
    </ClCompile>
    <ClCompile Include="ProvisioningProfile.cpp">
      <Filter>Source Files</Filter>
    </ClCompile>
    <ClCompile Include="Team.cpp">
      <Filter>Source Files</Filter>
    </ClCompile>
    <ClCompile Include="Application.cpp">
      <Filter>Source Files</Filter>
    </ClCompile>
    <ClCompile Include="AppleAPI.cpp">
      <Filter>Source Files</Filter>
    </ClCompile>
    <ClCompile Include="Archiver.cpp">
      <Filter>Source Files</Filter>
    </ClCompile>
    <ClCompile Include="Signer.cpp">
      <Filter>Source Files</Filter>
    </ClCompile>
    <ClCompile Include="Dependencies\minizip\ioapi.c">
      <Filter>Source Files</Filter>
    </ClCompile>
    <ClCompile Include="Dependencies\minizip\iowin32.c">
      <Filter>Source Files</Filter>
    </ClCompile>
    <ClCompile Include="Dependencies\minizip\mztools.c">
      <Filter>Source Files</Filter>
    </ClCompile>
    <ClCompile Include="Dependencies\minizip\unzip.c">
      <Filter>Source Files</Filter>
    </ClCompile>
    <ClCompile Include="Dependencies\minizip\zip.c">
      <Filter>Source Files</Filter>
    </ClCompile>
    <ClCompile Include="AnisetteData.cpp">
      <Filter>Source Files</Filter>
    </ClCompile>
    <ClCompile Include="AppleAPI+Authentication.cpp">
      <Filter>Source Files</Filter>
    </ClCompile>
    <ClCompile Include="AppleAPISession.cpp">
      <Filter>Source Files</Filter>
    </ClCompile>
    <ClCompile Include="AppGroup.cpp">
      <Filter>Source Files</Filter>
    </ClCompile>
    <ClCompile Include="Error.cpp">
      <Filter>Source Files</Filter>
    </ClCompile>
  </ItemGroup>
  <ItemGroup>
    <ClInclude Include="Account.hpp">
      <Filter>Header Files</Filter>
    </ClInclude>
    <ClInclude Include="AppID.hpp">
      <Filter>Header Files</Filter>
    </ClInclude>
    <ClInclude Include="Certificate.hpp">
      <Filter>Header Files</Filter>
    </ClInclude>
    <ClInclude Include="CertificateRequest.hpp">
      <Filter>Header Files</Filter>
    </ClInclude>
    <ClInclude Include="Device.hpp">
      <Filter>Header Files</Filter>
    </ClInclude>
    <ClInclude Include="Error.hpp">
      <Filter>Header Files</Filter>
    </ClInclude>
    <ClInclude Include="ProvisioningProfile.hpp">
      <Filter>Header Files</Filter>
    </ClInclude>
    <ClInclude Include="Team.hpp">
      <Filter>Header Files</Filter>
    </ClInclude>
    <ClInclude Include="Application.hpp">
      <Filter>Header Files</Filter>
    </ClInclude>
    <ClInclude Include="AppleAPI.hpp">
      <Filter>Header Files</Filter>
    </ClInclude>
    <ClInclude Include="Archiver.hpp">
      <Filter>Header Files</Filter>
    </ClInclude>
    <ClInclude Include="Signer.hpp">
      <Filter>Header Files</Filter>
    </ClInclude>
    <ClInclude Include="Dependencies\minizip\crypt.h">
      <Filter>Header Files</Filter>
    </ClInclude>
    <ClInclude Include="Dependencies\minizip\ioapi.h">
      <Filter>Header Files</Filter>
    </ClInclude>
    <ClInclude Include="Dependencies\minizip\iowin32.h">
      <Filter>Header Files</Filter>
    </ClInclude>
    <ClInclude Include="Dependencies\minizip\mztools.h">
      <Filter>Header Files</Filter>
    </ClInclude>
    <ClInclude Include="Dependencies\minizip\unzip.h">
      <Filter>Header Files</Filter>
    </ClInclude>
    <ClInclude Include="Dependencies\minizip\zip.h">
      <Filter>Header Files</Filter>
    </ClInclude>
    <ClInclude Include="AnisetteData.h">
      <Filter>Header Files</Filter>
    </ClInclude>
    <ClInclude Include="AppleAPISession.h">
      <Filter>Header Files</Filter>
    </ClInclude>
    <ClInclude Include="AppGroup.hpp">
      <Filter>Header Files</Filter>
    </ClInclude>
  </ItemGroup>
  <ItemGroup>
    <None Include="PrefixHeader.pch" />
  </ItemGroup>
</Project>